
Microsoft Visual Studio Solution File, Format Version 12.00
# Visual Studio Version 17
VisualStudioVersion = 17.11.35219.272
MinimumVisualStudioVersion = 10.0.40219.1
Project("{FAE04EC0-301F-11D3-BF4B-00C04F79EFBC}") = "ProductWebAPISerilog", "ProductWebAPISerilog\ProductWebAPISerilog.csproj", "{3FE52DD1-FB79-4272-B56B-060A6EB25BBF}"
EndProject
Global
	GlobalSection(SolutionConfigurationPlatforms) = preSolution
		Debug|Any CPU = Debug|Any CPU
		Release|Any CPU = Release|Any CPU
	EndGlobalSection
	GlobalSection(ProjectConfigurationPlatforms) = postSolution
		{3FE52DD1-FB79-4272-B56B-060A6EB25BBF}.Debug|Any CPU.ActiveCfg = Debug|Any CPU
		{3FE52DD1-FB79-4272-B56B-060A6EB25BBF}.Debug|Any CPU.Build.0 = Debug|Any CPU
		{3FE52DD1-FB79-4272-B56B-060A6EB25BBF}.Release|Any CPU.ActiveCfg = Release|Any CPU
		{3FE52DD1-FB79-4272-B56B-060A6EB25BBF}.Release|Any CPU.Build.0 = Release|Any CPU
	EndGlobalSection
	GlobalSection(SolutionProperties) = preSolution
		HideSolutionNode = FALSE
	EndGlobalSection
	GlobalSection(ExtensibilityGlobals) = postSolution
		SolutionGuid = {13E25D0E-5841-4A6C-B6C4-9900CDBC7C9D}
	EndGlobalSection
EndGlobal
